
Microsoft Visual Studio Solution File, Format Version 12.00
# Visual Studio 14
VisualStudioVersion = 14.0.24720.0
MinimumVisualStudioVersion = 10.0.40219.1
Project("{FAE04EC0-301F-11D3-BF4B-00C04F79EFBC}") = "UnitOfWorkDemo", "UnitOfWorkDemo\UnitOfWorkDemo.csproj", "{4FF0C114-D223-422D-80FC-54FFC45DDC50}"
EndProject
Project("{FAE04EC0-301F-11D3-BF4B-00C04F79EFBC}") = "UnitOfWorkDemo.Tests", "UnitOfWorkDemo.Tests\UnitOfWorkDemo.Tests.csproj", "{0522CA64-C1ED-4657-847C-721B6BDECB3B}"
EndProject
Global
	GlobalSection(SolutionConfigurationPlatforms) = preSolution
		Debug|Any CPU = Debug|Any CPU
		Release|Any CPU = Release|Any CPU
	EndGlobalSection
	GlobalSection(ProjectConfigurationPlatforms) = postSolution
		{4FF0C114-D223-422D-80FC-54FFC45DDC50}.Debug|Any CPU.ActiveCfg = Debug|Any CPU
		{4FF0C114-D223-422D-80FC-54FFC45DDC50}.Debug|Any CPU.Build.0 = Debug|Any CPU
		{4FF0C114-D223-422D-80FC-54FFC45DDC50}.Release|Any CPU.ActiveCfg = Release|Any CPU
		{4FF0C114-D223-422D-80FC-54FFC45DDC50}.Release|Any CPU.Build.0 = Release|Any CPU
		{0522CA64-C1ED-4657-847C-721B6BDECB3B}.Debug|Any CPU.ActiveCfg = Debug|Any CPU
		{0522CA64-C1ED-4657-847C-721B6BDECB3B}.Debug|Any CPU.Build.0 = Debug|Any CPU
		{0522CA64-C1ED-4657-847C-721B6BDECB3B}.Release|Any CPU.ActiveCfg = Release|Any CPU
		{0522CA64-C1ED-4657-847C-721B6BDECB3B}.Release|Any CPU.Build.0 = Release|Any CPU
	EndGlobalSection
	GlobalSection(SolutionProperties) = preSolution
		HideSolutionNode = FALSE
	EndGlobalSection
EndGlobal
